
Microsoft Visual Studio Solution File, Format Version 12.00
# Visual Studio Version 17
VisualStudioVersion = 17.3.32804.467
MinimumVisualStudioVersion = 10.0.40219.1
Project("{FAE04EC0-301F-11D3-BF4B-00C04F79EFBC}") = "DiceRoller", "DiceRoller\DiceRoller.csproj", "{40137951-5DE9-426A-B8DF-FF7EFE0A812A}"
EndProject
Global
	GlobalSection(SolutionConfigurationPlatforms) = preSolution
		Debug|Any CPU = Debug|Any CPU
		Release|Any CPU = Release|Any CPU
	EndGlobalSection
	GlobalSection(ProjectConfigurationPlatforms) = postSolution
		{40137951-5DE9-426A-B8DF-FF7EFE0A812A}.Debug|Any CPU.ActiveCfg = Debug|Any CPU
		{40137951-5DE9-426A-B8DF-FF7EFE0A812A}.Debug|Any CPU.Build.0 = Debug|Any CPU
		{40137951-5DE9-426A-B8DF-FF7EFE0A812A}.Release|Any CPU.ActiveCfg = Release|Any CPU
		{40137951-5DE9-426A-B8DF-FF7EFE0A812A}.Release|Any CPU.Build.0 = Release|Any CPU
	EndGlobalSection
	GlobalSection(SolutionProperties) = preSolution
		HideSolutionNode = FALSE
	EndGlobalSection
	GlobalSection(ExtensibilityGlobals) = postSolution
		SolutionGuid = {2F8439E6-63AB-4A5E-9345-0F77E2BEE8C8}
	EndGlobalSection
EndGlobal
